// !$*UTF8*$!
{
	archiveVersion = 1;
	classes = {
	};
	objectVersion = 46;
	objects = {

/* Begin PBXBuildFile section */
		9F99E3E71EFCE422000BBD10 /* main.m in Sources */ = {isa = PBXBuildFile; fileRef = 9F99E3E61EFCE422000BBD10 /* main.m */; };
		9F99E3EA1EFCE422000BBD10 /* AppDelegate.m in Sources */ = {isa = PBXBuildFile; fileRef = 9F99E3E91EFCE422000BBD10 /* AppDelegate.m */; };
		9F99E3F01EFCE422000BBD10 /* Main.storyboard in Resources */ = {isa = PBXBuildFile; fileRef = 9F99E3EE1EFCE422000BBD10 /* Main.storyboard */; };
		9F99E3F21EFCE422000BBD10 /* Assets.xcassets in Resources */ = {isa = PBXBuildFile; fileRef = 9F99E3F11EFCE422000BBD10 /* Assets.xcassets */; };
		9F99E3F51EFCE422000BBD10 /* LaunchScreen.storyboard in Resources */ = {isa = PBXBuildFile; fileRef = 9F99E3F31EFCE422000BBD10 /* LaunchScreen.storyboard */; };
		9F99E4071EFCE446000BBD10 /* DayCollectionViewCell.m in Sources */ = {isa = PBXBuildFile; fileRef = 9F99E3FE1EFCE446000BBD10 /* DayCollectionViewCell.m */; };
		9F99E4081EFCE446000BBD10 /* HotelCalendarViewController.m in Sources */ = {isa = PBXBuildFile; fileRef = 9F99E4001EFCE446000BBD10 /* HotelCalendarViewController.m */; };
		9F99E4091EFCE446000BBD10 /* HourCollectionViewCell.m in Sources */ = {isa = PBXBuildFile; fileRef = 9F99E4021EFCE446000BBD10 /* HourCollectionViewCell.m */; };
		9F99E40A1EFCE446000BBD10 /* MonthModel.m in Sources */ = {isa = PBXBuildFile; fileRef = 9F99E4041EFCE446000BBD10 /* MonthModel.m */; };
		9F99E40B1EFCE446000BBD10 /* MonthTableViewCell.m in Sources */ = {isa = PBXBuildFile; fileRef = 9F99E4061EFCE446000BBD10 /* MonthTableViewCell.m */; };
		9F99E40C1EFCE612000BBD10 /* ViewController.m in Sources */ = {isa = PBXBuildFile; fileRef = 9F99E3EC1EFCE422000BBD10 /* ViewController.m */; };
/* End PBXBuildFile section */

/* Begin PBXFileReference section */
		9F99E3E21EFCE421000BBD10 /* CalendarDateAndHour.app */ = {isa = PBXFileReference; explicitFileType = wrapper.application; includeInIndex = 0; path = CalendarDateAndHour.app; sourceTree = BUILT_PRODUCTS_DIR; };
		9F99E3E61EFCE422000BBD10 /* main.m */ = {isa = PBXFileReference; lastKnownFileType = sourcecode.c.objc; path = main.m; sourceTree = "<group>"; };
		9F99E3E81EFCE422000BBD10 /* AppDelegate.h */ = {isa = PBXFileReference; lastKnownFileType = sourcecode.c.h; path = AppDelegate.h; sourceTree = "<group>"; };
		9F99E3E91EFCE422000BBD10 /* AppDelegate.m */ = {isa = PBXFileReference; lastKnownFileType = sourcecode.c.objc; path = AppDelegate.m; sourceTree = "<group>"; };
		9F99E3EB1EFCE422000BBD10 /* ViewController.h */ = {isa = PBXFileReference; lastKnownFileType = sourcecode.c.h; path = ViewController.h; sourceTree = "<group>"; };
		9F99E3EC1EFCE422000BBD10 /* ViewController.m */ = {isa = PBXFileReference; lastKnownFileType = sourcecode.c.objc; path = ViewController.m; sourceTree = "<group>"; };
		9F99E3EF1EFCE422000BBD10 /* Base */ = {isa = PBXFileReference; lastKnownFileType = file.storyboard; name = Base; path = Base.lproj/Main.storyboard; sourceTree = "<group>"; };
		9F99E3F11EFCE422000BBD10 /* Assets.xcassets */ = {isa = PBXFileReference; lastKnownFileType = folder.assetcatalog; path = Assets.xcassets; sourceTree = "<group>"; };
		9F99E3F41EFCE422000BBD10 /* Base */ = {isa = PBXFileReference; lastKnownFileType = file.storyboard; name = Base; path = Base.lproj/LaunchScreen.storyboard; sourceTree = "<group>"; };
		9F99E3F61EFCE422000BBD10 /* Info.plist */ = {isa = PBXFileReference; lastKnownFileType = text.plist.xml; path = Info.plist; sourceTree = "<group>"; };
		9F99E3FD1EFCE446000BBD10 /* DayCollectionViewCell.h */ = {isa = PBXFileReference; fileEncoding = 4; lastKnownFileType = sourcecode.c.h; path = DayCollectionViewCell.h; sourceTree = "<group>"; };
		9F99E3FE1EFCE446000BBD10 /* DayCollectionViewCell.m */ = {isa = PBXFileReference; fileEncoding = 4; lastKnownFileType = sourcecode.c.objc; path = DayCollectionViewCell.m; sourceTree = "<group>"; };
		9F99E3FF1EFCE446000BBD10 /* HotelCalendarViewController.h */ = {isa = PBXFileReference; fileEncoding = 4; lastKnownFileType = sourcecode.c.h; path = HotelCalendarViewController.h; sourceTree = "<group>"; };
		9F99E4001EFCE446000BBD10 /* HotelCalendarViewController.m */ = {isa = PBXFileReference; fileEncoding = 4; lastKnownFileType = sourcecode.c.objc; path = HotelCalendarViewController.m; sourceTree = "<group>"; };
		9F99E4011EFCE446000BBD10 /* HourCollectionViewCell.h */ = {isa = PBXFileReference; fileEncoding = 4; lastKnownFileType = sourcecode.c.h; path = HourCollectionViewCell.h; sourceTree = "<group>"; };
		9F99E4021EFCE446000BBD10 /* HourCollectionViewCell.m */ = {isa = PBXFileReference; fileEncoding = 4; lastKnownFileType = sourcecode.c.objc; path = HourCollectionViewCell.m; sourceTree = "<group>"; };
		9F99E4031EFCE446000BBD10 /* MonthModel.h */ = {isa = PBXFileReference; fileEncoding = 4; lastKnownFileType = sourcecode.c.h; path = MonthModel.h; sourceTree = "<group>"; };
		9F99E4041EFCE446000BBD10 /* MonthModel.m */ = {isa = PBXFileReference; fileEncoding = 4; lastKnownFileType = sourcecode.c.objc; path = MonthModel.m; sourceTree = "<group>"; };
		9F99E4051EFCE446000BBD10 /* MonthTableViewCell.h */ = {isa = PBXFileReference; fileEncoding = 4; lastKnownFileType = sourcecode.c.h; path = MonthTableViewCell.h; sourceTree = "<group>"; };
		9F99E4061EFCE446000BBD10 /* MonthTableViewCell.m */ = {isa = PBXFileReference; fileEncoding = 4; lastKnownFileType = sourcecode.c.objc; path = MonthTableViewCell.m; sourceTree = "<group>"; };
/* End PBXFileReference section */

/* Begin PBXFrameworksBuildPhase section */
		9F99E3DF1EFCE421000BBD10 /* Frameworks */ = {
			isa = PBXFrameworksBuildPhase;
			buildActionMask = 2147483647;
			files = (
			);
			runOnlyForDeploymentPostprocessing = 0;
		};
/* End PBXFrameworksBuildPhase section */

/* Begin PBXGroup section */
		9F99E3D91EFCE420000BBD10 = {
			isa = PBXGroup;
			children = (
				9F99E3E41EFCE421000BBD10 /* CalendarDateAndHour */,
				9F99E3E31EFCE421000BBD10 /* Products */,
			);
			sourceTree = "<group>";
		};
		9F99E3E31EFCE421000BBD10 /* Products */ = {
			isa = PBXGroup;
			children = (
				9F99E3E21EFCE421000BBD10 /* CalendarDateAndHour.app */,
			);
			name = Products;
			sourceTree = "<group>";
		};
		9F99E3E41EFCE421000BBD10 /* CalendarDateAndHour */ = {
			isa = PBXGroup;
			children = (
				9F99E3FC1EFCE446000BBD10 /* 提货送货时间选择 */,
				9F99E3E81EFCE422000BBD10 /* AppDelegate.h */,
				9F99E3E91EFCE422000BBD10 /* AppDelegate.m */,
				9F99E3EB1EFCE422000BBD10 /* ViewController.h */,
				9F99E3EC1EFCE422000BBD10 /* ViewController.m */,
				9F99E3EE1EFCE422000BBD10 /* Main.storyboard */,
				9F99E3F11EFCE422000BBD10 /* Assets.xcassets */,
				9F99E3F31EFCE422000BBD10 /* LaunchScreen.storyboard */,
				9F99E3F61EFCE422000BBD10 /* Info.plist */,
				9F99E3E51EFCE421000BBD10 /* Supporting Files */,
			);
			path = CalendarDateAndHour;
			sourceTree = "<group>";
		};
		9F99E3E51EFCE421000BBD10 /* Supporting Files */ = {
			isa = PBXGroup;
			children = (
				9F99E3E61EFCE422000BBD10 /* main.m */,
			);
			name = "Supporting Files";
			sourceTree = "<group>";
		};
		9F99E3FC1EFCE446000BBD10 /* 提货送货时间选择 */ = {
			isa = PBXGroup;
			children = (
				9F99E3FD1EFCE446000BBD10 /* DayCollectionViewCell.h */,
				9F99E3FE1EFCE446000BBD10 /* DayCollectionViewCell.m */,
				9F99E3FF1EFCE446000BBD10 /* HotelCalendarViewController.h */,
				9F99E4001EFCE446000BBD10 /* HotelCalendarViewController.m */,
				9F99E4011EFCE446000BBD10 /* HourCollectionViewCell.h */,
				9F99E4021EFCE446000BBD10 /* HourCollectionViewCell.m */,
				9F99E4031EFCE446000BBD10 /* MonthModel.h */,
				9F99E4041EFCE446000BBD10 /* MonthModel.m */,
				9F99E4051EFCE446000BBD10 /* MonthTableViewCell.h */,
				9F99E4061EFCE446000BBD10 /* MonthTableViewCell.m */,
			);
			path = "提货送货时间选择";
			sourceTree = "<group>";
		};
/* End PBXGroup section */

/* Begin PBXNativeTarget section */
		9F99E3E11EFCE421000BBD10 /* CalendarDateAndHour */ = {
			isa = PBXNativeTarget;
			buildConfigurationList = 9F99E3F91EFCE422000BBD10 /* Build configuration list for PBXNativeTarget "CalendarDateAndHour" */;
			buildPhases = (
				9F99E3DE1EFCE421000BBD10 /* Sources */,
				9F99E3DF1EFCE421000BBD10 /* Frameworks */,
				9F99E3E01EFCE421000BBD10 /* Resources */,
			);
			buildRules = (
			);
			dependencies = (
			);
			name = CalendarDateAndHour;
			productName = CalendarDateAndHour;
			productReference = 9F99E3E21EFCE421000BBD10 /* CalendarDateAndHour.app */;
			productType = "com.apple.product-type.application";
		};
/* End PBXNativeTarget section */

/* Begin PBXProject section */
		9F99E3DA1EFCE420000BBD10 /* Project object */ = {
			isa = PBXProject;
			attributes = {
				LastUpgradeCheck = 0830;
				ORGANIZATIONNAME = esteel;
				TargetAttributes = {
					9F99E3E11EFCE421000BBD10 = {
						CreatedOnToolsVersion = 8.3.3;
						DevelopmentTeam = BJPJ2657Q5;
						ProvisioningStyle = Automatic;
					};
				};
			};
			buildConfigurationList = 9F99E3DD1EFCE421000BBD10 /* Build configuration list for PBXProject "CalendarDateAndHour" */;
			compatibilityVersion = "Xcode 3.2";
			developmentRegion = English;
			hasScannedForEncodings = 0;
			knownRegions = (
				en,
				Base,
			);
			mainGroup = 9F99E3D91EFCE420000BBD10;
			productRefGroup = 9F99E3E31EFCE421000BBD10 /* Products */;
			projectDirPath = "";
			projectRoot = "";
			targets = (
				9F99E3E11EFCE421000BBD10 /* CalendarDateAndHour */,
			);
		};
/* End PBXProject section */

/* Begin PBXResourcesBuildPhase section */
		9F99E3E01EFCE421000BBD10 /* Resources */ = {
			isa = PBXResourcesBuildPhase;
			buildActionMask = 2147483647;
			files = (
				9F99E3F51EFCE422000BBD10 /* LaunchScreen.storyboard in Resources */,
				9F99E3F21EFCE422000BBD10 /* Assets.xcassets in Resources */,
				9F99E3F01EFCE422000BBD10 /* Main.storyboard in Resources */,
			);
			runOnlyForDeploymentPostprocessing = 0;
		};
/* End PBXResourcesBuildPhase section */

/* Begin PBXSourcesBuildPhase section */
		9F99E3DE1EFCE421000BBD10 /* Sources */ = {
			isa = PBXSourcesBuildPhase;
			buildActionMask = 2147483647;
			files = (
				9F99E40B1EFCE446000BBD10 /* MonthTableViewCell.m in Sources */,
				9F99E40A1EFCE446000BBD10 /* MonthModel.m in Sources */,
				9F99E40C1EFCE612000BBD10 /* ViewController.m in Sources */,
				9F99E3EA1EFCE422000BBD10 /* AppDelegate.m in Sources */,
				9F99E4091EFCE446000BBD10 /* HourCollectionViewCell.m in Sources */,
				9F99E4081EFCE446000BBD10 /* HotelCalendarViewController.m in Sources */,
				9F99E3E71EFCE422000BBD10 /* main.m in Sources */,
				9F99E4071EFCE446000BBD10 /* DayCollectionViewCell.m in Sources */,
			);
			runOnlyForDeploymentPostprocessing = 0;
		};
/* End PBXSourcesBuildPhase section */

/* Begin PBXVariantGroup section */
		9F99E3EE1EFCE422000BBD10 /* Main.storyboard */ = {
			isa = PBXVariantGroup;
			children = (
				9F99E3EF1EFCE422000BBD10 /* Base */,
			);
			name = Main.storyboard;
			sourceTree = "<group>";
		};
		9F99E3F31EFCE422000BBD10 /* LaunchScreen.storyboard */ = {
			isa = PBXVariantGroup;
			children = (
				9F99E3F41EFCE422000BBD10 /* Base */,
			);
			name = LaunchScreen.storyboard;
			sourceTree = "<group>";
		};
/* End PBXVariantGroup section */

/* Begin XCBuildConfiguration section */
		9F99E3F71EFCE422000BBD10 /* Debug */ = {
			isa = XCBuildConfiguration;
			buildSettings = {
				ALWAYS_SEARCH_USER_PATHS = NO;
				CLANG_ANALYZER_NONNULL = YES;
				CLANG_ANALYZER_NUMBER_OBJECT_CONVERSION = YES_AGGRESSIVE;
				CLANG_CXX_LANGUAGE_STANDARD = "gnu++0x";
				CLANG_CXX_LIBRARY = "libc++";
				CLANG_ENABLE_MODULES = YES;
				CLANG_ENABLE_OBJC_ARC = YES;
				CLANG_WARN_BOOL_CONVERSION = YES;
				CLANG_WARN_CONSTANT_CONVERSION = YES;
				CLANG_WARN_DIRECT_OBJC_ISA_USAGE = YES_ERROR;
				CLANG_WARN_DOCUMENTATION_COMMENTS = YES;
				CLANG_WARN_EMPTY_BODY = YES;
				CLANG_WARN_ENUM_CONVERSION = YES;
				CLANG_WARN_INFINITE_RECURSION = YES;
				CLANG_WARN_INT_CONVERSION = YES;
				CLANG_WARN_OBJC_ROOT_CLASS = YES_ERROR;
				CLANG_WARN_SUSPICIOUS_MOVE = YES;
				CLANG_WARN_UNREACHABLE_CODE = YES;
				CLANG_WARN__DUPLICATE_METHOD_MATCH = YES;
				"CODE_SIGN_IDENTITY[sdk=iphoneos*]" = "iPhone Developer";
				COPY_PHASE_STRIP = NO;
				DEBUG_INFORMATION_FORMAT = dwarf;
				ENABLE_STRICT_OBJC_MSGSEND = YES;
				ENABLE_TESTABILITY = YES;
				GCC_C_LANGUAGE_STANDARD = gnu99;
				GCC_DYNAMIC_NO_PIC = NO;
				GCC_NO_COMMON_BLOCKS = YES;
				GCC_OPTIMIZATION_LEVEL = 0;
				GCC_PREPROCESSOR_DEFINITIONS = (
					"DEBUG=1",
					"$(inherited)",
				);
				GCC_WARN_64_TO_32_BIT_CONVERSION = YES;
				GCC_WARN_ABOUT_RETURN_TYPE = YES_ERROR;
				GCC_WARN_UNDECLARED_SELECTOR = YES;
				GCC_WARN_UNINITIALIZED_AUTOS = YES_AGGRESSIVE;
				GCC_WARN_UNUSED_FUNCTION = YES;
				GCC_WARN_UNUSED_VARIABLE = YES;
				IPHONEOS_DEPLOYMENT_TARGET = 10.3;
				MTL_ENABLE_DEBUG_INFO = YES;
				ONLY_ACTIVE_ARCH = YES;
				SDKROOT = iphoneos;
				TARGETED_DEVICE_FAMILY = "1,2";
			};
			name = Debug;
		};
		9F99E3F81EFCE422000BBD10 /* Release */ = {
			isa = XCBuildConfiguration;
			buildSettings = {
				ALWAYS_SEARCH_USER_PATHS = NO;
				CLANG_ANALYZER_NONNULL = YES;
				CLANG_ANALYZER_NUMBER_OBJECT_CONVERSION = YES_AGGRESSIVE;
				CLANG_CXX_LANGUAGE_STANDARD = "gnu++0x";
				CLANG_CXX_LIBRARY = "libc++";
				CLANG_ENABLE_MODULES = YES;
				CLANG_ENABLE_OBJC_ARC = YES;
				CLANG_WARN_BOOL_CONVERSION = YES;
				CLANG_WARN_CONSTANT_CONVERSION = YES;
				CLANG_WARN_DIRECT_OBJC_ISA_USAGE = YES_ERROR;
				CLANG_WARN_DOCUMENTATION_COMMENTS = YES;
				CLANG_WARN_EMPTY_BODY = YES;
				CLANG_WARN_ENUM_CONVERSION = YES;
				CLANG_WARN_INFINITE_RECURSION = YES;
				CLANG_WARN_INT_CONVERSION = YES;
				CLANG_WARN_OBJC_ROOT_CLASS = YES_ERROR;
				CLANG_WARN_SUSPICIOUS_MOVE = YES;
				CLANG_WARN_UNREACHABLE_CODE = YES;
				CLANG_WARN__DUPLICATE_METHOD_MATCH = YES;
				"CODE_SIGN_IDENTITY[sdk=iphoneos*]" = "iPhone Developer";
				COPY_PHASE_STRIP = NO;
				DEBUG_INFORMATION_FORMAT = "dwarf-with-dsym";
				ENABLE_NS_ASSERTIONS = NO;
				ENABLE_STRICT_OBJC_MSGSEND = YES;
				GCC_C_LANGUAGE_STANDARD = gnu99;
				GCC_NO_COMMON_BLOCKS = YES;
				GCC_WARN_64_TO_32_BIT_CONVERSION = YES;
				GCC_WARN_ABOUT_RETURN_TYPE = YES_ERROR;
				GCC_WARN_UNDECLARED_SELECTOR = YES;
				GCC_WARN_UNINITIALIZED_AUTOS = YES_AGGRESSIVE;
				GCC_WARN_UNUSED_FUNCTION = YES;
				GCC_WARN_UNUSED_VARIABLE = YES;
				IPHONEOS_DEPLOYMENT_TARGET = 10.3;
				MTL_ENABLE_DEBUG_INFO = NO;
				SDKROOT = iphoneos;
				TARGETED_DEVICE_FAMILY = "1,2";
				VALIDATE_PRODUCT = YES;
			};
			name = Release;
		};
		9F99E3FA1EFCE422000BBD10 /* Debug */ = {
			isa = XCBuildConfiguration;
			buildSettings = {
				ASSETCATALOG_COMPILER_APPICON_NAME = AppIcon;
				DEVELOPMENT_TEAM = BJPJ2657Q5;
				INFOPLIST_FILE = CalendarDateAndHour/Info.plist;
				LD_RUNPATH_SEARCH_PATHS = "$(inherited) @executable_path/Frameworks";
				PRODUCT_BUNDLE_IDENTIFIER = com.esteel.CalendarDateAndHour;
				PRODUCT_NAME = "$(TARGET_NAME)";
			};
			name = Debug;
		};
		9F99E3FB1EFCE422000BBD10 /* Release */ = {
			isa = XCBuildConfiguration;
			buildSettings = {
				ASSETCATALOG_COMPILER_APPICON_NAME = AppIcon;
				DEVELOPMENT_TEAM = BJPJ2657Q5;
				INFOPLIST_FILE = CalendarDateAndHour/Info.plist;
				LD_RUNPATH_SEARCH_PATHS = "$(inherited) @executable_path/Frameworks";
				PRODUCT_BUNDLE_IDENTIFIER = com.esteel.CalendarDateAndHour;
				PRODUCT_NAME = "$(TARGET_NAME)";
			};
			name = Release;
		};
/* End XCBuildConfiguration section */

/* Begin XCConfigurationList section */
		9F99E3DD1EFCE421000BBD10 /* Build configuration list for PBXProject "CalendarDateAndHour" */ = {
			isa = XCConfigurationList;
			buildConfigurations = (
				9F99E3F71EFCE422000BBD10 /* Debug */,
				9F99E3F81EFCE422000BBD10 /* Release */,
			);
			defaultConfigurationIsVisible = 0;
			defaultConfigurationName = Release;
		};
		9F99E3F91EFCE422000BBD10 /* Build configuration list for PBXNativeTarget "CalendarDateAndHour" */ = {
			isa = XCConfigurationList;
			buildConfigurations = (
				9F99E3FA1EFCE422000BBD10 /* Debug */,
				9F99E3FB1EFCE422000BBD10 /* Release */,
			);
			defaultConfigurationIsVisible = 0;
		};
/* End XCConfigurationList section */
	};
	rootObject = 9F99E3DA1EFCE420000BBD10 /* Project object */;
}
